// !$*UTF8*$!
{
	archiveVersion = 1;
	classes = {
	};
	objectVersion = 55;
	objects = {

/* Begin PBXBuildFile section */
		8D195E0E284568AB00263C49 /* RealmManager.swift in Sources */ = {isa = PBXBuildFile; fileRef = 8D195E0D284568AB00263C49 /* RealmManager.swift */; };
		8D195E102846539600263C49 /* TodoListView.swift in Sources */ = {isa = PBXBuildFile; fileRef = 8D195E0F2846539600263C49 /* TodoListView.swift */; };
		8D3AF3D128401F0B00C44EEF /* Backup in Resources */ = {isa = PBXBuildFile; fileRef = 8D3AF3D028401F0B00C44EEF /* Backup */; };
		8D7BF6EC283EAD8100BC7DCD /* TodoListApp.swift in Sources */ = {isa = PBXBuildFile; fileRef = 8D7BF6EB283EAD8100BC7DCD /* TodoListApp.swift */; };
		8D7BF6EE283EAD8100BC7DCD /* ContentView.swift in Sources */ = {isa = PBXBuildFile; fileRef = 8D7BF6ED283EAD8100BC7DCD /* ContentView.swift */; };
		8D7BF6F0283EAD8400BC7DCD /* Assets.xcassets in Resources */ = {isa = PBXBuildFile; fileRef = 8D7BF6EF283EAD8400BC7DCD /* Assets.xcassets */; };
		8D7BF6F3283EAD8400BC7DCD /* Preview Assets.xcassets in Resources */ = {isa = PBXBuildFile; fileRef = 8D7BF6F2283EAD8400BC7DCD /* Preview Assets.xcassets */; };
		8D7BF6FB283EAE5900BC7DCD /* Realm in Frameworks */ = {isa = PBXBuildFile; productRef = 8D7BF6FA283EAE5900BC7DCD /* Realm */; };
		8D7BF6FD283EAE5900BC7DCD /* RealmSwift in Frameworks */ = {isa = PBXBuildFile; productRef = 8D7BF6FC283EAE5900BC7DCD /* RealmSwift */; };
		8D7BF700283EB77000BC7DCD /* Task.swift in Sources */ = {isa = PBXBuildFile; fileRef = 8D7BF6FF283EB77000BC7DCD /* Task.swift */; };
		8D84AC1928468BDF00E6C64E /* BackUp2 in Resources */ = {isa = PBXBuildFile; fileRef = 8D84AC1828468BDF00E6C64E /* BackUp2 */; };
		8D84AC1C28468E5300E6C64E /* TaskCellView.swift in Sources */ = {isa = PBXBuildFile; fileRef = 8D84AC1B28468E5300E6C64E /* TaskCellView.swift */; };
		8D84AC1F2846911700E6C64E /* AppState.swift in Sources */ = {isa = PBXBuildFile; fileRef = 8D84AC1E2846911700E6C64E /* AppState.swift */; };
/* End PBXBuildFile section */

/* Begin PBXFileReference section */
		8D195E0D284568AB00263C49 /* RealmManager.swift */ = {isa = PBXFileReference; lastKnownFileType = sourcecode.swift; path = RealmManager.swift; sourceTree = "<group>"; };
		8D195E0F2846539600263C49 /* TodoListView.swift */ = {isa = PBXFileReference; lastKnownFileType = sourcecode.swift; path = TodoListView.swift; sourceTree = "<group>"; };
		8D3AF3D028401F0B00C44EEF /* Backup */ = {isa = PBXFileReference; lastKnownFileType = text; path = Backup; sourceTree = "<group>"; };
		8D7BF6E8283EAD8100BC7DCD /* TodoList.app */ = {isa = PBXFileReference; explicitFileType = wrapper.application; includeInIndex = 0; path = TodoList.app; sourceTree = BUILT_PRODUCTS_DIR; };
		8D7BF6EB283EAD8100BC7DCD /* TodoListApp.swift */ = {isa = PBXFileReference; lastKnownFileType = sourcecode.swift; path = TodoListApp.swift; sourceTree = "<group>"; };
		8D7BF6ED283EAD8100BC7DCD /* ContentView.swift */ = {isa = PBXFileReference; lastKnownFileType = sourcecode.swift; path = ContentView.swift; sourceTree = "<group>"; };
		8D7BF6EF283EAD8400BC7DCD /* Assets.xcassets */ = {isa = PBXFileReference; lastKnownFileType = folder.assetcatalog; path = Assets.xcassets; sourceTree = "<group>"; };
		8D7BF6F2283EAD8400BC7DCD /* Preview Assets.xcassets */ = {isa = PBXFileReference; lastKnownFileType = folder.assetcatalog; path = "Preview Assets.xcassets"; sourceTree = "<group>"; };
		8D7BF6FF283EB77000BC7DCD /* Task.swift */ = {isa = PBXFileReference; lastKnownFileType = sourcecode.swift; path = Task.swift; sourceTree = "<group>"; };
		8D84AC1828468BDF00E6C64E /* BackUp2 */ = {isa = PBXFileReference; lastKnownFileType = text; path = BackUp2; sourceTree = "<group>"; };
		8D84AC1B28468E5300E6C64E /* TaskCellView.swift */ = {isa = PBXFileReference; lastKnownFileType = sourcecode.swift; path = TaskCellView.swift; sourceTree = "<group>"; };
		8D84AC1E2846911700E6C64E /* AppState.swift */ = {isa = PBXFileReference; lastKnownFileType = sourcecode.swift; path = AppState.swift; sourceTree = "<group>"; };
/* End PBXFileReference section */

/* Begin PBXFrameworksBuildPhase section */
		8D7BF6E5283EAD8100BC7DCD /* Frameworks */ = {
			isa = PBXFrameworksBuildPhase;
			buildActionMask = 2147483647;
			files = (
				8D7BF6FD283EAE5900BC7DCD /* RealmSwift in Frameworks */,
				8D7BF6FB283EAE5900BC7DCD /* Realm in Frameworks */,
			);
			runOnlyForDeploymentPostprocessing = 0;
		};
/* End PBXFrameworksBuildPhase section */

/* Begin PBXGroup section */
		8D195E0C2845689800263C49 /* Managers */ = {
			isa = PBXGroup;
			children = (
				8D195E0D284568AB00263C49 /* RealmManager.swift */,
			);
			path = Managers;
			sourceTree = "<group>";
		};
		8D7BF6DF283EAD8100BC7DCD = {
			isa = PBXGroup;
			children = (
				8D7BF6EA283EAD8100BC7DCD /* TodoList */,
				8D7BF6E9283EAD8100BC7DCD /* Products */,
			);
			sourceTree = "<group>";
		};
		8D7BF6E9283EAD8100BC7DCD /* Products */ = {
			isa = PBXGroup;
			children = (
				8D7BF6E8283EAD8100BC7DCD /* TodoList.app */,
			);
			name = Products;
			sourceTree = "<group>";
		};
		8D7BF6EA283EAD8100BC7DCD /* TodoList */ = {
			isa = PBXGroup;
			children = (
				8D84AC1D2846910D00E6C64E /* Utils */,
				8D84AC1A28468E4000E6C64E /* Views */,
				8D195E0C2845689800263C49 /* Managers */,
				8D7BF6FE283EB32500BC7DCD /* Models */,
				8D7BF6EB283EAD8100BC7DCD /* TodoListApp.swift */,
				8D7BF6ED283EAD8100BC7DCD /* ContentView.swift */,
				8D7BF6EF283EAD8400BC7DCD /* Assets.xcassets */,
				8D7BF6F1283EAD8400BC7DCD /* Preview Content */,
				8D3AF3D028401F0B00C44EEF /* Backup */,
				8D84AC1828468BDF00E6C64E /* BackUp2 */,
			);
			path = TodoList;
			sourceTree = "<group>";
		};
		8D7BF6F1283EAD8400BC7DCD /* Preview Content */ = {
			isa = PBXGroup;
			children = (
				8D7BF6F2283EAD8400BC7DCD /* Preview Assets.xcassets */,
			);
			path = "Preview Content";
			sourceTree = "<group>";
		};
		8D7BF6FE283EB32500BC7DCD /* Models */ = {
			isa = PBXGroup;
			children = (
				8D7BF6FF283EB77000BC7DCD /* Task.swift */,
			);
			path = Models;
			sourceTree = "<group>";
		};
		8D84AC1A28468E4000E6C64E /* Views */ = {
			isa = PBXGroup;
			children = (
				8D195E0F2846539600263C49 /* TodoListView.swift */,
				8D84AC1B28468E5300E6C64E /* TaskCellView.swift */,
			);
			path = Views;
			sourceTree = "<group>";
		};
		8D84AC1D2846910D00E6C64E /* Utils */ = {
			isa = PBXGroup;
			children = (
				8D84AC1E2846911700E6C64E /* AppState.swift */,
			);
			path = Utils;
			sourceTree = "<group>";
		};
/* End PBXGroup section */

/* Begin PBXNativeTarget section */
		8D7BF6E7283EAD8100BC7DCD /* TodoList */ = {
			isa = PBXNativeTarget;
			buildConfigurationList = 8D7BF6F6283EAD8400BC7DCD /* Build configuration list for PBXNativeTarget "TodoList" */;
			buildPhases = (
				8D7BF6E4283EAD8100BC7DCD /* Sources */,
				8D7BF6E5283EAD8100BC7DCD /* Frameworks */,
				8D7BF6E6283EAD8100BC7DCD /* Resources */,
			);
			buildRules = (
			);
			dependencies = (
			);
			name = TodoList;
			packageProductDependencies = (
				8D7BF6FA283EAE5900BC7DCD /* Realm */,
				8D7BF6FC283EAE5900BC7DCD /* RealmSwift */,
			);
			productName = TodoList;
			productReference = 8D7BF6E8283EAD8100BC7DCD /* TodoList.app */;
			productType = "com.apple.product-type.application";
		};
/* End PBXNativeTarget section */

/* Begin PBXProject section */
		8D7BF6E0283EAD8100BC7DCD /* Project object */ = {
			isa = PBXProject;
			attributes = {
				BuildIndependentTargetsInParallel = 1;
				LastSwiftUpdateCheck = 1330;
				LastUpgradeCheck = 1330;
				TargetAttributes = {
					8D7BF6E7283EAD8100BC7DCD = {
						CreatedOnToolsVersion = 13.3.1;
					};
				};
			};
			buildConfigurationList = 8D7BF6E3283EAD8100BC7DCD /* Build configuration list for PBXProject "TodoList" */;
			compatibilityVersion = "Xcode 13.0";
			developmentRegion = en;
			hasScannedForEncodings = 0;
			knownRegions = (
				en,
				Base,
			);
			mainGroup = 8D7BF6DF283EAD8100BC7DCD;
			packageReferences = (
				8D7BF6F9283EAE5900BC7DCD /* XCRemoteSwiftPackageReference "realm-cocoa" */,
			);
			productRefGroup = 8D7BF6E9283EAD8100BC7DCD /* Products */;
			projectDirPath = "";
			projectRoot = "";
			targets = (
				8D7BF6E7283EAD8100BC7DCD /* TodoList */,
			);
		};
/* End PBXProject section */

/* Begin PBXResourcesBuildPhase section */
		8D7BF6E6283EAD8100BC7DCD /* Resources */ = {
			isa = PBXResourcesBuildPhase;
			buildActionMask = 2147483647;
			files = (
				8D7BF6F3283EAD8400BC7DCD /* Preview Assets.xcassets in Resources */,
				8D7BF6F0283EAD8400BC7DCD /* Assets.xcassets in Resources */,
				8D3AF3D128401F0B00C44EEF /* Backup in Resources */,
				8D84AC1928468BDF00E6C64E /* BackUp2 in Resources */,
			);
			runOnlyForDeploymentPostprocessing = 0;
		};
/* End PBXResourcesBuildPhase section */

/* Begin PBXSourcesBuildPhase section */
		8D7BF6E4283EAD8100BC7DCD /* Sources */ = {
			isa = PBXSourcesBuildPhase;
			buildActionMask = 2147483647;
			files = (
				8D7BF6EE283EAD8100BC7DCD /* ContentView.swift in Sources */,
				8D195E0E284568AB00263C49 /* RealmManager.swift in Sources */,
				8D84AC1F2846911700E6C64E /* AppState.swift in Sources */,
				8D195E102846539600263C49 /* TodoListView.swift in Sources */,
				8D7BF700283EB77000BC7DCD /* Task.swift in Sources */,
				8D7BF6EC283EAD8100BC7DCD /* TodoListApp.swift in Sources */,
				8D84AC1C28468E5300E6C64E /* TaskCellView.swift in Sources */,
			);
			runOnlyForDeploymentPostprocessing = 0;
		};
/* End PBXSourcesBuildPhase section */

/* Begin XCBuildConfiguration section */
		8D7BF6F4283EAD8400BC7DCD /* Debug */ = {
			isa = XCBuildConfiguration;
			buildSettings = {
				ALWAYS_SEARCH_USER_PATHS = NO;
				CLANG_ANALYZER_NONNULL = YES;
				CLANG_ANALYZER_NUMBER_OBJECT_CONVERSION = YES_AGGRESSIVE;
				CLANG_CXX_LANGUAGE_STANDARD = "gnu++17";
				CLANG_ENABLE_MODULES = YES;
				CLANG_ENABLE_OBJC_ARC = YES;
				CLANG_ENABLE_OBJC_WEAK = YES;
				CLANG_WARN_BLOCK_CAPTURE_AUTORELEASING = YES;
				CLANG_WARN_BOOL_CONVERSION = YES;
				CLANG_WARN_COMMA = YES;
				CLANG_WARN_CONSTANT_CONVERSION = YES;
				CLANG_WARN_DEPRECATED_OBJC_IMPLEMENTATIONS = YES;
				CLANG_WARN_DIRECT_OBJC_ISA_USAGE = YES_ERROR;
				CLANG_WARN_DOCUMENTATION_COMMENTS = YES;
				CLANG_WARN_EMPTY_BODY = YES;
				CLANG_WARN_ENUM_CONVERSION = YES;
				CLANG_WARN_INFINITE_RECURSION = YES;
				CLANG_WARN_INT_CONVERSION = YES;
				CLANG_WARN_NON_LITERAL_NULL_CONVERSION = YES;
				CLANG_WARN_OBJC_IMPLICIT_RETAIN_SELF = YES;
				CLANG_WARN_OBJC_LITERAL_CONVERSION = YES;
				CLANG_WARN_OBJC_ROOT_CLASS = YES_ERROR;
				CLANG_WARN_QUOTED_INCLUDE_IN_FRAMEWORK_HEADER = YES;
				CLANG_WARN_RANGE_LOOP_ANALYSIS = YES;
				CLANG_WARN_STRICT_PROTOTYPES = YES;
				CLANG_WARN_SUSPICIOUS_MOVE = YES;
				CLANG_WARN_UNGUARDED_AVAILABILITY = YES_AGGRESSIVE;
				CLANG_WARN_UNREACHABLE_CODE = YES;
				CLANG_WARN__DUPLICATE_METHOD_MATCH = YES;
				COPY_PHASE_STRIP = NO;
				DEBUG_INFORMATION_FORMAT = dwarf;
				ENABLE_STRICT_OBJC_MSGSEND = YES;
				ENABLE_TESTABILITY = YES;
				GCC_C_LANGUAGE_STANDARD = gnu11;
				GCC_DYNAMIC_NO_PIC = NO;
				GCC_NO_COMMON_BLOCKS = YES;
				GCC_OPTIMIZATION_LEVEL = 0;
				GCC_PREPROCESSOR_DEFINITIONS = (
					"DEBUG=1",
					"$(inherited)",
				);
				GCC_WARN_64_TO_32_BIT_CONVERSION = YES;
				GCC_WARN_ABOUT_RETURN_TYPE = YES_ERROR;
				GCC_WARN_UNDECLARED_SELECTOR = YES;
				GCC_WARN_UNINITIALIZED_AUTOS = YES_AGGRESSIVE;
				GCC_WARN_UNUSED_FUNCTION = YES;
				GCC_WARN_UNUSED_VARIABLE = YES;
				IPHONEOS_DEPLOYMENT_TARGET = 15.4;
				MTL_ENABLE_DEBUG_INFO = INCLUDE_SOURCE;
				MTL_FAST_MATH = YES;
				ONLY_ACTIVE_ARCH = YES;
				SDKROOT = iphoneos;
				SWIFT_ACTIVE_COMPILATION_CONDITIONS = DEBUG;
				SWIFT_OPTIMIZATION_LEVEL = "-Onone";
			};
			name = Debug;
		};
		8D7BF6F5283EAD8400BC7DCD /* Release */ = {
			isa = XCBuildConfiguration;
			buildSettings = {
				ALWAYS_SEARCH_USER_PATHS = NO;
				CLANG_ANALYZER_NONNULL = YES;
				CLANG_ANALYZER_NUMBER_OBJECT_CONVERSION = YES_AGGRESSIVE;
				CLANG_CXX_LANGUAGE_STANDARD = "gnu++17";
				CLANG_ENABLE_MODULES = YES;
				CLANG_ENABLE_OBJC_ARC = YES;
				CLANG_ENABLE_OBJC_WEAK = YES;
				CLANG_WARN_BLOCK_CAPTURE_AUTORELEASING = YES;
				CLANG_WARN_BOOL_CONVERSION = YES;
				CLANG_WARN_COMMA = YES;
				CLANG_WARN_CONSTANT_CONVERSION = YES;
				CLANG_WARN_DEPRECATED_OBJC_IMPLEMENTATIONS = YES;
				CLANG_WARN_DIRECT_OBJC_ISA_USAGE = YES_ERROR;
				CLANG_WARN_DOCUMENTATION_COMMENTS = YES;
				CLANG_WARN_EMPTY_BODY = YES;
				CLANG_WARN_ENUM_CONVERSION = YES;
				CLANG_WARN_INFINITE_RECURSION = YES;
				CLANG_WARN_INT_CONVERSION = YES;
				CLANG_WARN_NON_LITERAL_NULL_CONVERSION = YES;
				CLANG_WARN_OBJC_IMPLICIT_RETAIN_SELF = YES;
				CLANG_WARN_OBJC_LITERAL_CONVERSION = YES;
				CLANG_WARN_OBJC_ROOT_CLASS = YES_ERROR;
				CLANG_WARN_QUOTED_INCLUDE_IN_FRAMEWORK_HEADER = YES;
				CLANG_WARN_RANGE_LOOP_ANALYSIS = YES;
				CLANG_WARN_STRICT_PROTOTYPES = YES;
				CLANG_WARN_SUSPICIOUS_MOVE = YES;
				CLANG_WARN_UNGUARDED_AVAILABILITY = YES_AGGRESSIVE;
				CLANG_WARN_UNREACHABLE_CODE = YES;
				CLANG_WARN__DUPLICATE_METHOD_MATCH = YES;
				COPY_PHASE_STRIP = NO;
				DEBUG_INFORMATION_FORMAT = "dwarf-with-dsym";
				ENABLE_NS_ASSERTIONS = NO;
				ENABLE_STRICT_OBJC_MSGSEND = YES;
				GCC_C_LANGUAGE_STANDARD = gnu11;
				GCC_NO_COMMON_BLOCKS = YES;
				GCC_WARN_64_TO_32_BIT_CONVERSION = YES;
				GCC_WARN_ABOUT_RETURN_TYPE = YES_ERROR;
				GCC_WARN_UNDECLARED_SELECTOR = YES;
				GCC_WARN_UNINITIALIZED_AUTOS = YES_AGGRESSIVE;
				GCC_WARN_UNUSED_FUNCTION = YES;
				GCC_WARN_UNUSED_VARIABLE = YES;
				IPHONEOS_DEPLOYMENT_TARGET = 15.4;
				MTL_ENABLE_DEBUG_INFO = NO;
				MTL_FAST_MATH = YES;
				SDKROOT = iphoneos;
				SWIFT_COMPILATION_MODE = wholemodule;
				SWIFT_OPTIMIZATION_LEVEL = "-O";
				VALIDATE_PRODUCT = YES;
			};
			name = Release;
		};
		8D7BF6F7283EAD8400BC7DCD /* Debug */ = {
			isa = XCBuildConfiguration;
			buildSettings = {
				ASSETCATALOG_COMPILER_APPICON_NAME = AppIcon;
				ASSETCATALOG_COMPILER_GLOBAL_ACCENT_COLOR_NAME = AccentColor;
				CODE_SIGN_STYLE = Automatic;
				CURRENT_PROJECT_VERSION = 1;
				DEVELOPMENT_ASSET_PATHS = "\"TodoList/Preview Content\"";
				DEVELOPMENT_TEAM = B2Q8EGNCQA;
				ENABLE_PREVIEWS = YES;
				GENERATE_INFOPLIST_FILE = YES;
				INFOPLIST_KEY_UIApplicationSceneManifest_Generation = YES;
				INFOPLIST_KEY_UIApplicationSupportsIndirectInputEvents = YES;
				INFOPLIST_KEY_UILaunchScreen_Generation = YES;
				INFOPLIST_KEY_UISupportedInterfaceOrientations_iPad = "UIInterfaceOrientationPortrait UIInterfaceOrientationPortraitUpsideDown UIInterfaceOrientationLandscapeLeft UIInterfaceOrientationLandscapeRight";
				INFOPLIST_KEY_UISupportedInterfaceOrientations_iPhone = "UIInterfaceOrientationPortrait UIInterfaceOrientationLandscapeLeft UIInterfaceOrientationLandscapeRight";
				LD_RUNPATH_SEARCH_PATHS = (
					"$(inherited)",
					"@executable_path/Frameworks",
				);
				MARKETING_VERSION = 1.0;
				PRODUCT_BUNDLE_IDENTIFIER = com.azamsharp.TodoList;
				PRODUCT_NAME = "$(TARGET_NAME)";
				SWIFT_EMIT_LOC_STRINGS = YES;
				SWIFT_VERSION = 5.0;
				TARGETED_DEVICE_FAMILY = "1,2";
			};
			name = Debug;
		};
		8D7BF6F8283EAD8400BC7DCD /* Release */ = {
			isa = XCBuildConfiguration;
			buildSettings = {
				ASSETCATALOG_COMPILER_APPICON_NAME = AppIcon;
				ASSETCATALOG_COMPILER_GLOBAL_ACCENT_COLOR_NAME = AccentColor;
				CODE_SIGN_STYLE = Automatic;
				CURRENT_PROJECT_VERSION = 1;
				DEVELOPMENT_ASSET_PATHS = "\"TodoList/Preview Content\"";
				DEVELOPMENT_TEAM = B2Q8EGNCQA;
				ENABLE_PREVIEWS = YES;
				GENERATE_INFOPLIST_FILE = YES;
				INFOPLIST_KEY_UIApplicationSceneManifest_Generation = YES;
				INFOPLIST_KEY_UIApplicationSupportsIndirectInputEvents = YES;
				INFOPLIST_KEY_UILaunchScreen_Generation = YES;
				INFOPLIST_KEY_UISupportedInterfaceOrientations_iPad = "UIInterfaceOrientationPortrait UIInterfaceOrientationPortraitUpsideDown UIInterfaceOrientationLandscapeLeft UIInterfaceOrientationLandscapeRight";
				INFOPLIST_KEY_UISupportedInterfaceOrientations_iPhone = "UIInterfaceOrientationPortrait UIInterfaceOrientationLandscapeLeft UIInterfaceOrientationLandscapeRight";
				LD_RUNPATH_SEARCH_PATHS = (
					"$(inherited)",
					"@executable_path/Frameworks",
				);
				MARKETING_VERSION = 1.0;
				PRODUCT_BUNDLE_IDENTIFIER = com.azamsharp.TodoList;
				PRODUCT_NAME = "$(TARGET_NAME)";
				SWIFT_EMIT_LOC_STRINGS = YES;
				SWIFT_VERSION = 5.0;
				TARGETED_DEVICE_FAMILY = "1,2";
			};
			name = Release;
		};
/* End XCBuildConfiguration section */

/* Begin XCConfigurationList section */
		8D7BF6E3283EAD8100BC7DCD /* Build configuration list for PBXProject "TodoList" */ = {
			isa = XCConfigurationList;
			buildConfigurations = (
				8D7BF6F4283EAD8400BC7DCD /* Debug */,
				8D7BF6F5283EAD8400BC7DCD /* Release */,
			);
			defaultConfigurationIsVisible = 0;
			defaultConfigurationName = Release;
		};
		8D7BF6F6283EAD8400BC7DCD /* Build configuration list for PBXNativeTarget "TodoList" */ = {
			isa = XCConfigurationList;
			buildConfigurations = (
				8D7BF6F7283EAD8400BC7DCD /* Debug */,
				8D7BF6F8283EAD8400BC7DCD /* Release */,
			);
			defaultConfigurationIsVisible = 0;
			defaultConfigurationName = Release;
		};
/* End XCConfigurationList section */

/* Begin XCRemoteSwiftPackageReference section */
		8D7BF6F9283EAE5900BC7DCD /* XCRemoteSwiftPackageReference "realm-cocoa" */ = {
			isa = XCRemoteSwiftPackageReference;
			repositoryURL = "https://github.com/realm/realm-cocoa.git";
			requirement = {
				branch = master;
				kind = branch;
			};
		};
/* End XCRemoteSwiftPackageReference section */

/* Begin XCSwiftPackageProductDependency section */
		8D7BF6FA283EAE5900BC7DCD /* Realm */ = {
			isa = XCSwiftPackageProductDependency;
			package = 8D7BF6F9283EAE5900BC7DCD /* XCRemoteSwiftPackageReference "realm-cocoa" */;
			productName = Realm;
		};
		8D7BF6FC283EAE5900BC7DCD /* RealmSwift */ = {
			isa = XCSwiftPackageProductDependency;
			package = 8D7BF6F9283EAE5900BC7DCD /* XCRemoteSwiftPackageReference "realm-cocoa" */;
			productName = RealmSwift;
		};
/* End XCSwiftPackageProductDependency section */
	};
	rootObject = 8D7BF6E0283EAD8100BC7DCD /* Project object */;
}
